
Microsoft Visual Studio Solution File, Format Version 12.00
# Visual Studio Version 17
VisualStudioVersion = 17.7.34221.43
MinimumVisualStudioVersion = 10.0.40219.1
Project("{FAE04EC0-301F-11D3-BF4B-00C04F79EFBC}") = "4", "4\4.csproj", "{3F27DF28-315E-4046-8639-DF5B132FFD1D}"
EndProject
Global
	GlobalSection(SolutionConfigurationPlatforms) = preSolution
		Debug|Any CPU = Debug|Any CPU
		Release|Any CPU = Release|Any CPU
	EndGlobalSection
	GlobalSection(ProjectConfigurationPlatforms) = postSolution
		{3F27DF28-315E-4046-8639-DF5B132FFD1D}.Debug|Any CPU.ActiveCfg = Debug|Any CPU
		{3F27DF28-315E-4046-8639-DF5B132FFD1D}.Debug|Any CPU.Build.0 = Debug|Any CPU
		{3F27DF28-315E-4046-8639-DF5B132FFD1D}.Release|Any CPU.ActiveCfg = Release|Any CPU
		{3F27DF28-315E-4046-8639-DF5B132FFD1D}.Release|Any CPU.Build.0 = Release|Any CPU
	EndGlobalSection
	GlobalSection(SolutionProperties) = preSolution
		HideSolutionNode = FALSE
	EndGlobalSection
	GlobalSection(ExtensibilityGlobals) = postSolution
		SolutionGuid = {617FB9AD-12EF-4743-ADE3-41C5064C79A9}
	EndGlobalSection
EndGlobal
