
Microsoft Visual Studio Solution File, Format Version 12.00
# Visual Studio Version 17
VisualStudioVersion = 17.7.34221.43
MinimumVisualStudioVersion = 10.0.40219.1
Project("{FAE04EC0-301F-11D3-BF4B-00C04F79EFBC}") = "12", "12\12.csproj", "{BD79876F-2731-4DDC-9FF0-81C924BB8D19}"
EndProject
Global
	GlobalSection(SolutionConfigurationPlatforms) = preSolution
		Debug|Any CPU = Debug|Any CPU
		Release|Any CPU = Release|Any CPU
	EndGlobalSection
	GlobalSection(ProjectConfigurationPlatforms) = postSolution
		{BD79876F-2731-4DDC-9FF0-81C924BB8D19}.Debug|Any CPU.ActiveCfg = Debug|Any CPU
		{BD79876F-2731-4DDC-9FF0-81C924BB8D19}.Debug|Any CPU.Build.0 = Debug|Any CPU
		{BD79876F-2731-4DDC-9FF0-81C924BB8D19}.Release|Any CPU.ActiveCfg = Release|Any CPU
		{BD79876F-2731-4DDC-9FF0-81C924BB8D19}.Release|Any CPU.Build.0 = Release|Any CPU
	EndGlobalSection
	GlobalSection(SolutionProperties) = preSolution
		HideSolutionNode = FALSE
	EndGlobalSection
	GlobalSection(ExtensibilityGlobals) = postSolution
		SolutionGuid = {58CA2236-EC07-4253-A332-7875C94795A6}
	EndGlobalSection
EndGlobal
